
Microsoft Visual Studio Solution File, Format Version 12.00
# Visual Studio Version 17
VisualStudioVersion = 17.9.34902.65
MinimumVisualStudioVersion = 10.0.40219.1
Project("{FAE04EC0-301F-11D3-BF4B-00C04F79EFBC}") = "SM3Rewrite", "SM3Rewrite.csproj", "{3A8877EB-B352-494D-8643-55C8252DFC7E}"
EndProject
Global
	GlobalSection(SolutionConfigurationPlatforms) = preSolution
		Debug|Any CPU = Debug|Any CPU
		Release|Any CPU = Release|Any CPU
	EndGlobalSection
	GlobalSection(ProjectConfigurationPlatforms) = postSolution
		{3A8877EB-B352-494D-8643-55C8252DFC7E}.Debug|Any CPU.ActiveCfg = Debug|Any CPU
		{3A8877EB-B352-494D-8643-55C8252DFC7E}.Debug|Any CPU.Build.0 = Debug|Any CPU
		{3A8877EB-B352-494D-8643-55C8252DFC7E}.Release|Any CPU.ActiveCfg = Release|Any CPU
		{3A8877EB-B352-494D-8643-55C8252DFC7E}.Release|Any CPU.Build.0 = Release|Any CPU
	EndGlobalSection
	GlobalSection(SolutionProperties) = preSolution
		HideSolutionNode = FALSE
	EndGlobalSection
	GlobalSection(ExtensibilityGlobals) = postSolution
		SolutionGuid = {C71A3F50-A6F7-4247-83DF-9C71BA713C98}
	EndGlobalSection
EndGlobal
